
Microsoft Visual Studio Solution File, Format Version 12.00
# Visual Studio Version 17
VisualStudioVersion = 17.7.34221.43
MinimumVisualStudioVersion = 10.0.40219.1
Project("{FAE04EC0-301F-11D3-BF4B-00C04F79EFBC}") = "FizzBuzz.Tests", "FizzBuzz.Tests\FizzBuzz.Tests.csproj", "{6DC5CE8F-1972-4DE9-AC1C-38171012C88E}"
EndProject
Project("{FAE04EC0-301F-11D3-BF4B-00C04F79EFBC}") = "FizzBuzz", "FizzBuzz\FizzBuzz.csproj", "{1EE84D11-3E64-4468-AD5E-B8D94296ED98}"
EndProject
Global
	GlobalSection(SolutionConfigurationPlatforms) = preSolution
		Debug|Any CPU = Debug|Any CPU
		Release|Any CPU = Release|Any CPU
	EndGlobalSection
	GlobalSection(ProjectConfigurationPlatforms) = postSolution
		{6DC5CE8F-1972-4DE9-AC1C-38171012C88E}.Debug|Any CPU.ActiveCfg = Debug|Any CPU
		{6DC5CE8F-1972-4DE9-AC1C-38171012C88E}.Debug|Any CPU.Build.0 = Debug|Any CPU
		{6DC5CE8F-1972-4DE9-AC1C-38171012C88E}.Release|Any CPU.ActiveCfg = Release|Any CPU
		{6DC5CE8F-1972-4DE9-AC1C-38171012C88E}.Release|Any CPU.Build.0 = Release|Any CPU
		{1EE84D11-3E64-4468-AD5E-B8D94296ED98}.Debug|Any CPU.ActiveCfg = Debug|Any CPU
		{1EE84D11-3E64-4468-AD5E-B8D94296ED98}.Debug|Any CPU.Build.0 = Debug|Any CPU
		{1EE84D11-3E64-4468-AD5E-B8D94296ED98}.Release|Any CPU.ActiveCfg = Release|Any CPU
		{1EE84D11-3E64-4468-AD5E-B8D94296ED98}.Release|Any CPU.Build.0 = Release|Any CPU
	EndGlobalSection
	GlobalSection(SolutionProperties) = preSolution
		HideSolutionNode = FALSE
	EndGlobalSection
	GlobalSection(ExtensibilityGlobals) = postSolution
		SolutionGuid = {5B2F7C1D-C9E1-45B0-B89A-FC990D008826}
	EndGlobalSection
EndGlobal
